
Microsoft Visual Studio Solution File, Format Version 12.00
# Visual Studio Version 17
VisualStudioVersion = 17.10.34916.146
MinimumVisualStudioVersion = 10.0.40219.1
Project("{FAE04EC0-301F-11D3-BF4B-00C04F79EFBC}") = "FocusCycle", "FocusCycle\FocusCycle.csproj", "{DD00118F-4A12-4C50-BE65-8458D8E430ED}"
EndProject
Global
	GlobalSection(SolutionConfigurationPlatforms) = preSolution
		Debug|Any CPU = Debug|Any CPU
		Release|Any CPU = Release|Any CPU
	EndGlobalSection
	GlobalSection(ProjectConfigurationPlatforms) = postSolution
		{DD00118F-4A12-4C50-BE65-8458D8E430ED}.Debug|Any CPU.ActiveCfg = Debug|Any CPU
		{DD00118F-4A12-4C50-BE65-8458D8E430ED}.Debug|Any CPU.Build.0 = Debug|Any CPU
		{DD00118F-4A12-4C50-BE65-8458D8E430ED}.Release|Any CPU.ActiveCfg = Release|Any CPU
		{DD00118F-4A12-4C50-BE65-8458D8E430ED}.Release|Any CPU.Build.0 = Release|Any CPU
	EndGlobalSection
	GlobalSection(SolutionProperties) = preSolution
		HideSolutionNode = FALSE
	EndGlobalSection
	GlobalSection(ExtensibilityGlobals) = postSolution
		SolutionGuid = {015B8E95-BDD9-4EE3-9131-48BD3C810D10}
	EndGlobalSection
EndGlobal
